
Microsoft Visual Studio Solution File, Format Version 12.00
Project("{FAE04EC0-301F-11D3-BF4B-00C04F79EFBC}") = "Memkit", "Memkit\Memkit.csproj", "{475912B3-C3E9-43F6-A9A5-540B9AF7986F}"
EndProject
Global
	GlobalSection(SolutionConfigurationPlatforms) = preSolution
		Debug|Any CPU = Debug|Any CPU
		Release|Any CPU = Release|Any CPU
	EndGlobalSection
	GlobalSection(ProjectConfigurationPlatforms) = postSolution
		{475912B3-C3E9-43F6-A9A5-540B9AF7986F}.Debug|Any CPU.ActiveCfg = Debug|Any CPU
		{475912B3-C3E9-43F6-A9A5-540B9AF7986F}.Debug|Any CPU.Build.0 = Debug|Any CPU
		{475912B3-C3E9-43F6-A9A5-540B9AF7986F}.Release|Any CPU.ActiveCfg = Release|Any CPU
		{475912B3-C3E9-43F6-A9A5-540B9AF7986F}.Release|Any CPU.Build.0 = Release|Any CPU
	EndGlobalSection
EndGlobal
